schema: '2.0'
stages:
  download:
    cmd: python src/download.py
    deps:
    - path: src/common.py
      hash: md5
      md5: db9985612b53091da71f0b55b9c8509d
      size: 6578
    - path: src/download.py
      hash: md5
      md5: df83df010b58099622bcc14fef8bccfa
      size: 3048
    params:
      params.yaml:
        download:
          ticker: AKAM
          forms:
          - 10-K
          - 10-Q
          limit_per_form: 1
          after: '2024-01-01'
          before: '2026-01-01'
          user_agent_name: NEU-DAMG7245-codeofduty3
          user_agent_email: jash.k@northeastern.edu
    outs:
    - path: data/raw
      hash: md5
      md5: 7cfdfe7261238fcf430022afae94195f.dir
      size: 48881138
      nfiles: 214
  render:
    cmd: python src/render.py
    deps:
    - path: data/raw
      hash: md5
      md5: 7cfdfe7261238fcf430022afae94195f.dir
      size: 48881138
      nfiles: 214
    - path: src/common.py
      hash: md5
      md5: db9985612b53091da71f0b55b9c8509d
      size: 6578
    - path: src/render.py
      hash: md5
      md5: a4acddfbdf940954b39ef5357f076509
      size: 2744
    params:
      params.yaml:
        render:
          page_format: Letter
          timeout_ms: 180000
    outs:
    - path: data/rendered
      hash: md5
      md5: 0de22f6889dbe570298b140f7e6a042d.dir
      size: 1379170
      nfiles: 3
  parse_pdfplumber:
    cmd: python src/parse_text.py --input data/rendered tests/fixtures --out 
      data/parsed
    deps:
    - path: data/managed
      hash: md5
      md5: d751713988987e9331980363e24189ce.dir
      size: 0
      nfiles: 0
    - path: data/rendered
      hash: md5
      md5: f2972745d0df483c8e291a395cc418fb.dir
      size: 1379170
      nfiles: 3
    - path: src/common.py
      hash: md5
      md5: db9985612b53091da71f0b55b9c8509d
      size: 6578
    - path: src/managed
      hash: md5
      md5: fdd4af42bf71d28c9cce3a7720c7d5c3.dir
      size: 19130
      nfiles: 5
    - path: src/parse_text.py
      hash: md5
      md5: b8de1e5c0e1b8045d19043d842665c89
      size: 8256
    - path: tests/fixtures
      hash: md5
      md5: 880c89aa5ef0b80383d4c191e4337408.dir
      size: 1163014
      nfiles: 6
    params:
      params.yaml:
        managed:
          enabled: false
          provider: textract
          region: us-east-1
          max_pages: 10
        ocr:
          min_chars: 100
          junk_ratio: 0.2
          image_area: 0.6
          dpi: 300
          config: --oem 1 --psm 6
          managed_below_conf: 70
    outs:
    - path: data/parsed
      hash: md5
      md5: 28a7a794df11b0e1e66e8b14d8178a37.dir
      size: 23057865
      nfiles: 171
  tables:
    cmd: python src/tables.py --input data/rendered tests/fixtures --out 
      data/tables
    deps:
    - path: data/managed
      hash: md5
      md5: d751713988987e9331980363e24189ce.dir
      size: 0
      nfiles: 0
    - path: data/rendered
      hash: md5
      md5: 0de22f6889dbe570298b140f7e6a042d.dir
      size: 1379170
      nfiles: 3
    - path: src/common.py
      hash: md5
      md5: db9985612b53091da71f0b55b9c8509d
      size: 6578
    - path: src/managed
      hash: md5
      md5: fdd4af42bf71d28c9cce3a7720c7d5c3.dir
      size: 19130
      nfiles: 5
    - path: src/tables.py
      hash: md5
      md5: 1453baf9e41b19e60a00d5de92dd1e1c
      size: 18492
    - path: tests/fixtures
      hash: md5
      md5: 880c89aa5ef0b80383d4c191e4337408.dir
      size: 1163014
      nfiles: 6
    params:
      params.yaml:
        managed:
          enabled: false
          provider: textract
          region: us-east-1
          max_pages: 10
        tables:
          min_rulings: 6
          accept_score: 80
          min_coverage: 0.6
          min_numbers: 40
          fallback_flavors:
          - network
          stream:
            row_tol: 2
            edge_tol: 500
          managed_below_score: 60
    outs:
    - path: data/tables
      hash: md5
      md5: 221a975af3ce214c9ae0fbcc71e1fe6e.dir
      size: 671318
      nfiles: 310
  layout:
    cmd: python src/layout.py --input data/rendered tests/fixtures --out 
      data/layout
    deps:
    - path: data/rendered
      hash: md5
      md5: f2972745d0df483c8e291a395cc418fb.dir
      size: 1379170
      nfiles: 3
    - path: src/common.py
      hash: md5
      md5: db9985612b53091da71f0b55b9c8509d
      size: 6578
    - path: src/layout.py
      hash: md5
      md5: 04a9d1aed6cffc49acda05873f055c6f
      size: 12409
    - path: src/parse_text.py
      hash: md5
      md5: b8de1e5c0e1b8045d19043d842665c89
      size: 8256
    - path: src/tables.py
      hash: md5
      md5: 1453baf9e41b19e60a00d5de92dd1e1c
      size: 18492
    - path: tests/fixtures
      hash: md5
      md5: 880c89aa5ef0b80383d4c191e4337408.dir
      size: 1163014
      nfiles: 6
    params:
      params.yaml:
        layout:
          model: lp://efficientdet/PubLayNet
          score_threshold: 0.3
          pad_pt: 8
          dpi: 150
          qa_pages: 10
        ocr:
          min_chars: 100
          junk_ratio: 0.2
          image_area: 0.6
          dpi: 300
          config: --oem 1 --psm 6
          managed_below_conf: 70
        tables:
          min_rulings: 6
          accept_score: 80
          min_coverage: 0.6
          min_numbers: 40
          fallback_flavors:
          - network
          stream:
            row_tol: 2
            edge_tol: 500
          managed_below_score: 60
    outs:
    - path: data/figures
      hash: md5
      md5: d751713988987e9331980363e24189ce.dir
      size: 0
      nfiles: 0
    - path: data/layout
      hash: md5
      md5: 8fa8137612f8ee65300283b12c5c34cf.dir
      size: 940484
      nfiles: 5
  parse_docling:
    cmd: python src/docling_parse.py
    deps:
    - path: data/raw
      hash: md5
      md5: 7cfdfe7261238fcf430022afae94195f.dir
      size: 48881138
      nfiles: 214
    - path: data/rendered
      hash: md5
      md5: 0de22f6889dbe570298b140f7e6a042d.dir
      size: 1379170
      nfiles: 3
    - path: src/common.py
      hash: md5
      md5: db9985612b53091da71f0b55b9c8509d
      size: 6578
    - path: src/docling_parse.py
      hash: md5
      md5: 1d3635920b9b3da65da0c45ca0f71c4a
      size: 7784
    - path: src/tables.py
      hash: md5
      md5: 1453baf9e41b19e60a00d5de92dd1e1c
      size: 18492
    - path: tests/fixtures
      hash: md5
      md5: 880c89aa5ef0b80383d4c191e4337408.dir
      size: 1163014
      nfiles: 6
    params:
      params.yaml:
        docling:
          html_stem: AKAM_10K_20241231
          table_mode: accurate
    outs:
    - path: data/docling
      hash: md5
      md5: c4db209f8371565d60c5e414962443ec.dir
      size: 15407468
      nfiles: 648
  export:
    cmd: python src/export.py
    deps:
    - path: data/layout
      hash: md5
      md5: 8fa8137612f8ee65300283b12c5c34cf.dir
      size: 940484
      nfiles: 5
    - path: data/raw
      hash: md5
      md5: 2e7ac53c10e574bab6bfe67e0df9b49c.dir
      size: 48881120
      nfiles: 214
    - path: data/rendered
      hash: md5
      md5: f2972745d0df483c8e291a395cc418fb.dir
      size: 1379170
      nfiles: 3
    - path: src/common.py
      hash: md5
      md5: db9985612b53091da71f0b55b9c8509d
      size: 6578
    - path: src/export.py
      hash: md5
      md5: 8bd519a22215bc24fe6895562c2ab21f
      size: 6875
    - path: src/schema.py
      hash: md5
      md5: f640b51147d9efdc94c0b9698e8a7c6f
      size: 2295
    outs:
    - path: data/export
      hash: md5
      md5: 86ad8d342785a1b0bd043773eda1eef8.dir
      size: 2095620
      nfiles: 7
  xbrl:
    cmd: python src/xbrl.py
    deps:
    - path: config/label_map.yaml
      hash: md5
      md5: 54a429cd75bd446056cb3db7d98cb5d8
      size: 4243
    - path: data/docling
      hash: md5
      md5: c4db209f8371565d60c5e414962443ec.dir
      size: 15407468
      nfiles: 648
    - path: data/raw
      hash: md5
      md5: 7cfdfe7261238fcf430022afae94195f.dir
      size: 48881138
      nfiles: 214
    - path: data/rendered
      hash: md5
      md5: 0de22f6889dbe570298b140f7e6a042d.dir
      size: 1379170
      nfiles: 3
    - path: data/tables
      hash: md5
      md5: 221a975af3ce214c9ae0fbcc71e1fe6e.dir
      size: 671318
      nfiles: 310
    - path: src/tables.py
      hash: md5
      md5: 1453baf9e41b19e60a00d5de92dd1e1c
      size: 18492
    - path: src/xbrl.py
      hash: md5
      md5: 54d1f7603ed4ca0dc4e0a3bc9bc1173f
      size: 14838
    outs:
    - path: data/xbrl
      hash: md5
      md5: 0ad95482750d5309782ffd40f2fd7220.dir
      size: 530385
      nfiles: 2
  evaluate:
    cmd: python src/evaluate.py
    deps:
    - path: data/docling
      hash: md5
      md5: c4db209f8371565d60c5e414962443ec.dir
      size: 15407468
      nfiles: 648
    - path: data/export
      hash: md5
      md5: 86ad8d342785a1b0bd043773eda1eef8.dir
      size: 2095620
      nfiles: 7
    - path: data/ground_truth
      hash: md5
      md5: 156d2423497d06977b88f4bd45ea795e.dir
      size: 3256
      nfiles: 3
    - path: data/parsed
      hash: md5
      md5: 28a7a794df11b0e1e66e8b14d8178a37.dir
      size: 23057865
      nfiles: 171
    - path: data/tables
      hash: md5
      md5: 221a975af3ce214c9ae0fbcc71e1fe6e.dir
      size: 671318
      nfiles: 310
    - path: data/xbrl
      hash: md5
      md5: 0ad95482750d5309782ffd40f2fd7220.dir
      size: 530385
      nfiles: 2
    - path: src/evaluate.py
      hash: md5
      md5: b2b74df65496b69fe8e83f6732035246
      size: 14630
    - path: src/tables.py
      hash: md5
      md5: 1453baf9e41b19e60a00d5de92dd1e1c
      size: 18492
    - path: tests/fixtures/gt
      hash: md5
      md5: d8b785ab80213a500aec250274053538.dir
      size: 2740
      nfiles: 2
    params:
      params.yaml:
        evaluate:
          numeric_tolerance: 1e-06
    outs:
    - path: reports/metrics.json
      hash: md5
      md5: 19a278dc6f3f564834552908e764a208
      size: 674
    - path: reports/plots/drift.png
      hash: md5
      md5: d499e59e47ce1881970e4030787bfecc
      size: 28475
