schema: '2.0'
stages:
  download:
    cmd: python src/download.py
    deps:
    - path: src/common.py
      hash: md5
      md5: 4c05e83d0bd6bf8214f997ecd3b4d3ff
      size: 7933
    - path: src/download.py
      hash: md5
      md5: 0d762e489f5c99f768b01e07485e600f
      size: 3288
    params:
      params.yaml:
        download:
          ticker: AKAM
          forms:
          - 10-K
          - 10-Q
          limit_per_form: 1
          after: '2024-01-01'
          before: '2026-01-01'
          user_agent_name: NEU-DAMG7245-codeofduty3
          user_agent_email: jash.k@northeastern.edu
    outs:
    - path: data/raw
      hash: md5
      md5: 8e67fcb7e461f1a6b919fceba2f03465.dir
      size: 48881108
      nfiles: 214
  render:
    cmd: python src/render.py
    deps:
    - path: data/raw
      hash: md5
      md5: 8e67fcb7e461f1a6b919fceba2f03465.dir
      size: 48881108
      nfiles: 214
    - path: src/common.py
      hash: md5
      md5: 4c05e83d0bd6bf8214f997ecd3b4d3ff
      size: 7933
    - path: src/render.py
      hash: md5
      md5: a4acddfbdf940954b39ef5357f076509
      size: 2744
    params:
      params.yaml:
        render:
          page_format: Letter
          timeout_ms: 180000
    outs:
    - path: data/rendered
      hash: md5
      md5: a2d9f96936b3154efe900218ef576c52.dir
      size: 2048708
      nfiles: 3
  parse_pdfplumber:
    cmd: python src/parse_text.py --input data/rendered tests/fixtures --out 
      data/parsed
    deps:
    - path: data/managed
      hash: md5
      md5: 87859bdd05283493f176f96cf74e1394.dir
      size: 1580535
      nfiles: 6
    - path: data/rendered
      hash: md5
      md5: a2d9f96936b3154efe900218ef576c52.dir
      size: 2048708
      nfiles: 3
    - path: src/common.py
      hash: md5
      md5: 4c05e83d0bd6bf8214f997ecd3b4d3ff
      size: 7933
    - path: src/managed
      hash: md5
      md5: 4f59352f73d1406c26647310e207246f.dir
      size: 12303
      nfiles: 3
    - path: src/parse_text.py
      hash: md5
      md5: b8de1e5c0e1b8045d19043d842665c89
      size: 8256
    - path: tests/fixtures/multicol.pdf
      hash: md5
      md5: f4414b24e8dccd0bb1542de19e05d2c5
      size: 26623
    - path: tests/fixtures/scanned.pdf
      hash: md5
      md5: 2038c91c21f64c687e43c0c4f6c1cf3f
      size: 1074555
    - path: tests/fixtures/statement.pdf
      hash: md5
      md5: 017c4cb5b59059683724bac6da8744e3
      size: 57145
    params:
      params.yaml:
        managed:
          enabled: false
          provider: textract
          region: us-east-1
          max_pages: 10
        ocr:
          min_chars: 100
          junk_ratio: 0.2
          image_area: 0.6
          dpi: 200
          config: --oem 1 --psm 6
          managed_below_conf: 70
    outs:
    - path: data/parsed
      hash: md5
      md5: 41f64babb7acb4017beebe7428150de9.dir
      size: 22865750
      nfiles: 171
  tables:
    cmd: python src/tables.py --input data/rendered tests/fixtures --out 
      data/tables
    deps:
    - path: data/managed
      hash: md5
      md5: 87859bdd05283493f176f96cf74e1394.dir
      size: 1580535
      nfiles: 6
    - path: data/rendered
      hash: md5
      md5: a2d9f96936b3154efe900218ef576c52.dir
      size: 2048708
      nfiles: 3
    - path: src/common.py
      hash: md5
      md5: 4c05e83d0bd6bf8214f997ecd3b4d3ff
      size: 7933
    - path: src/managed
      hash: md5
      md5: 4f59352f73d1406c26647310e207246f.dir
      size: 12303
      nfiles: 3
    - path: src/tables.py
      hash: md5
      md5: a5b88d400d82174c8fed2fc80903a463
      size: 18783
    - path: tests/fixtures/multicol.pdf
      hash: md5
      md5: f4414b24e8dccd0bb1542de19e05d2c5
      size: 26623
    - path: tests/fixtures/scanned.pdf
      hash: md5
      md5: 2038c91c21f64c687e43c0c4f6c1cf3f
      size: 1074555
    - path: tests/fixtures/statement.pdf
      hash: md5
      md5: 017c4cb5b59059683724bac6da8744e3
      size: 57145
    params:
      params.yaml:
        managed:
          enabled: false
          provider: textract
          region: us-east-1
          max_pages: 10
        tables:
          min_rulings: 6
          accept_score: 80
          min_coverage: 0.6
          min_numbers: 40
          fallback_flavors:
          - network
          stream:
            row_tol: 2
            edge_tol: 500
          managed_below_score: 60
    outs:
    - path: data/tables
      hash: md5
      md5: 797c9dba4c09984d9b3f318370b2fca4.dir
      size: 687008
      nfiles: 301
  layout:
    cmd: python src/layout.py --input data/rendered tests/fixtures --out 
      data/layout
    deps:
    - path: data/rendered
      hash: md5
      md5: a2d9f96936b3154efe900218ef576c52.dir
      size: 2048708
      nfiles: 3
    - path: src/common.py
      hash: md5
      md5: 4c05e83d0bd6bf8214f997ecd3b4d3ff
      size: 7933
    - path: src/layout.py
      hash: md5
      md5: f9ddc1267313d8ffce2d4d9c4af6dd26
      size: 14612
    - path: src/parse_text.py
      hash: md5
      md5: b8de1e5c0e1b8045d19043d842665c89
      size: 8256
    - path: src/tables.py
      hash: md5
      md5: a5b88d400d82174c8fed2fc80903a463
      size: 18783
    - path: tests/fixtures/multicol.pdf
      hash: md5
      md5: f4414b24e8dccd0bb1542de19e05d2c5
      size: 26623
    - path: tests/fixtures/scanned.pdf
      hash: md5
      md5: 2038c91c21f64c687e43c0c4f6c1cf3f
      size: 1074555
    - path: tests/fixtures/statement.pdf
      hash: md5
      md5: 017c4cb5b59059683724bac6da8744e3
      size: 57145
    params:
      params.yaml:
        layout:
          model: lp://efficientdet/PubLayNet
          weights: data/models/publaynet-tf_efficientdet_d0.pth.tar
          weights_url: 
            https://huggingface.co/ClosedUni/publaynet-tf_efficientdet/resolve/main/publaynet-tf_efficientdet_d0.pth.tar
          weights_sha256: 
            532824ec221bdb7e10e8d497ffc407959ed76fc175c15ffa1d4d397fbff5297e
          score_threshold: 0.3
          pad_pt: 8
          dpi: 150
          qa_pages: 10
        ocr:
          min_chars: 100
          junk_ratio: 0.2
          image_area: 0.6
          dpi: 200
          config: --oem 1 --psm 6
          managed_below_conf: 70
        tables:
          min_rulings: 6
          accept_score: 80
          min_coverage: 0.6
          min_numbers: 40
          fallback_flavors:
          - network
          stream:
            row_tol: 2
            edge_tol: 500
          managed_below_score: 60
    outs:
    - path: data/figures
      hash: md5
      md5: d751713988987e9331980363e24189ce.dir
      size: 0
      nfiles: 0
    - path: data/layout
      hash: md5
      md5: a526aed526aa55cc1b17a62f38392ea7.dir
      size: 937140
      nfiles: 5
    - path: data/models
      hash: md5
      md5: 8e841a5b489a1942946de90ae8df9b18.dir
      size: 47104635
      nfiles: 1
  parse_docling:
    cmd: python src/docling_parse.py
    deps:
    - path: data/raw
      hash: md5
      md5: 8e67fcb7e461f1a6b919fceba2f03465.dir
      size: 48881108
      nfiles: 214
    - path: data/rendered
      hash: md5
      md5: a2d9f96936b3154efe900218ef576c52.dir
      size: 2048708
      nfiles: 3
    - path: src/common.py
      hash: md5
      md5: 4c05e83d0bd6bf8214f997ecd3b4d3ff
      size: 7933
    - path: src/docling_parse.py
      hash: md5
      md5: 0b97ff593cee73c7d7faa79afbd2b262
      size: 8645
    - path: src/tables.py
      hash: md5
      md5: a5b88d400d82174c8fed2fc80903a463
      size: 18783
    - path: tests/fixtures/multicol.pdf
      hash: md5
      md5: f4414b24e8dccd0bb1542de19e05d2c5
      size: 26623
    - path: tests/fixtures/scanned.pdf
      hash: md5
      md5: 2038c91c21f64c687e43c0c4f6c1cf3f
      size: 1074555
    - path: tests/fixtures/statement.pdf
      hash: md5
      md5: 017c4cb5b59059683724bac6da8744e3
      size: 57145
    params:
      params.yaml:
        docling:
          html_stem: AKAM_10K_20241231
          table_mode: accurate
          scanned_backend: pypdfium2
    outs:
    - path: data/docling
      hash: md5
      md5: e33ac562ef8488ffe5de827eea830b82.dir
      size: 29985254
      nfiles: 651
  export:
    cmd: python src/export.py
    deps:
    - path: data/layout
      hash: md5
      md5: a526aed526aa55cc1b17a62f38392ea7.dir
      size: 937140
      nfiles: 5
    - path: data/raw
      hash: md5
      md5: 8e67fcb7e461f1a6b919fceba2f03465.dir
      size: 48881108
      nfiles: 214
    - path: data/rendered
      hash: md5
      md5: a2d9f96936b3154efe900218ef576c52.dir
      size: 2048708
      nfiles: 3
    - path: src/common.py
      hash: md5
      md5: 4c05e83d0bd6bf8214f997ecd3b4d3ff
      size: 7933
    - path: src/export.py
      hash: md5
      md5: 9d1b18966721f0be9b5f37422d596953
      size: 6889
    - path: src/schema.py
      hash: md5
      md5: f640b51147d9efdc94c0b9698e8a7c6f
      size: 2295
    outs:
    - path: data/export
      hash: md5
      md5: 71b111b24342147ed0908439fad4cf30.dir
      size: 2107847
      nfiles: 7
  xbrl:
    cmd: python src/xbrl.py
    deps:
    - path: config/label_map.yaml
      hash: md5
      md5: 54a429cd75bd446056cb3db7d98cb5d8
      size: 4243
    - path: data/docling
      hash: md5
      md5: e33ac562ef8488ffe5de827eea830b82.dir
      size: 29985254
      nfiles: 651
    - path: data/raw
      hash: md5
      md5: 8e67fcb7e461f1a6b919fceba2f03465.dir
      size: 48881108
      nfiles: 214
    - path: data/rendered
      hash: md5
      md5: a2d9f96936b3154efe900218ef576c52.dir
      size: 2048708
      nfiles: 3
    - path: data/tables
      hash: md5
      md5: 797c9dba4c09984d9b3f318370b2fca4.dir
      size: 687008
      nfiles: 301
    - path: src/tables.py
      hash: md5
      md5: a5b88d400d82174c8fed2fc80903a463
      size: 18783
    - path: src/xbrl.py
      hash: md5
      md5: 54d1f7603ed4ca0dc4e0a3bc9bc1173f
      size: 14838
    outs:
    - path: data/xbrl
      hash: md5
      md5: 0ad95482750d5309782ffd40f2fd7220.dir
      size: 530385
      nfiles: 2
  evaluate:
    cmd: python src/evaluate.py
    deps:
    - path: data/docling
      hash: md5
      md5: e33ac562ef8488ffe5de827eea830b82.dir
      size: 29985254
      nfiles: 651
    - path: data/export
      hash: md5
      md5: 71b111b24342147ed0908439fad4cf30.dir
      size: 2107847
      nfiles: 7
    - path: data/ground_truth
      hash: md5
      md5: 156d2423497d06977b88f4bd45ea795e.dir
      size: 3256
      nfiles: 3
    - path: data/parsed
      hash: md5
      md5: 41f64babb7acb4017beebe7428150de9.dir
      size: 22865750
      nfiles: 171
    - path: data/tables
      hash: md5
      md5: 797c9dba4c09984d9b3f318370b2fca4.dir
      size: 687008
      nfiles: 301
    - path: data/xbrl
      hash: md5
      md5: 0ad95482750d5309782ffd40f2fd7220.dir
      size: 530385
      nfiles: 2
    - path: src/evaluate.py
      hash: md5
      md5: 22aa75b3b8e890a8976534550f1c9fa9
      size: 16694
    - path: src/tables.py
      hash: md5
      md5: a5b88d400d82174c8fed2fc80903a463
      size: 18783
    - path: tests/fixtures/gt
      hash: md5
      md5: 30df44478fa00ecad41f373823ca143b.dir
      size: 4108
      nfiles: 3
    params:
      params.yaml:
        evaluate:
          numeric_tolerance: 1e-06
    outs:
    - path: reports/metrics.json
      hash: md5
      md5: 19a278dc6f3f564834552908e764a208
      size: 674
    - path: reports/plots/drift.png
      hash: md5
      md5: f117129b4c39f8ae255d611c18270f44
      size: 24820
