schema: '2.0'
stages:
  download:
    cmd: python src/download.py
    deps:
    - path: src/common.py
      hash: md5
      md5: 4c05e83d0bd6bf8214f997ecd3b4d3ff
      size: 7933
    - path: src/download.py
      hash: md5
      md5: 0d762e489f5c99f768b01e07485e600f
      size: 3288
    params:
      params.yaml:
        download:
          ticker: AKAM
          forms:
          - 10-K
          - 10-Q
          limit_per_form: 1
          after: '2024-01-01'
          before: '2026-01-01'
          user_agent_name: NEU-DAMG7245-codeofduty3
          user_agent_email: jash.k@northeastern.edu
    outs:
    - path: data/raw
      hash: md5
      md5: 827f551f11a662af18548e77ab9c314f.dir
      size: 48881114
      nfiles: 214
  render:
    cmd: python src/render.py
    deps:
    - path: data/raw
      hash: md5
      md5: 827f551f11a662af18548e77ab9c314f.dir
      size: 48881114
      nfiles: 214
    - path: src/common.py
      hash: md5
      md5: 4c05e83d0bd6bf8214f997ecd3b4d3ff
      size: 7933
    - path: src/render.py
      hash: md5
      md5: a4acddfbdf940954b39ef5357f076509
      size: 2744
    params:
      params.yaml:
        render:
          page_format: Letter
          timeout_ms: 180000
    outs:
    - path: data/rendered
      hash: md5
      md5: bb9b28e2cd7aefbd53fa842ebcf3783e.dir
      size: 2048708
      nfiles: 3
  parse_pdfplumber:
    cmd: python src/parse_text.py --input data/rendered tests/fixtures --out 
      data/parsed
    deps:
    - path: data/managed
      hash: md5
      md5: 2eef483aaef070e7bd7efedd94fd8567.dir
      size: 1082231
      nfiles: 5
    - path: data/rendered
      hash: md5
      md5: bb9b28e2cd7aefbd53fa842ebcf3783e.dir
      size: 2048708
      nfiles: 3
    - path: src/common.py
      hash: md5
      md5: 4c05e83d0bd6bf8214f997ecd3b4d3ff
      size: 7933
    - path: src/managed
      hash: md5
      md5: b5645f174d25b3c4c886d33667e850f9.dir
      size: 19146
      nfiles: 5
    - path: src/parse_text.py
      hash: md5
      md5: b8de1e5c0e1b8045d19043d842665c89
      size: 8256
    - path: tests/fixtures
      hash: md5
      md5: c44d4f71050874d81f252bad21f0975b.dir
      size: 1172805
      nfiles: 8
    params:
      params.yaml:
        managed:
          enabled: false
          provider: textract
          region: us-east-1
          max_pages: 10
        ocr:
          min_chars: 100
          junk_ratio: 0.2
          image_area: 0.6
          dpi: 200
          config: --oem 1 --psm 6
          managed_below_conf: 70
    outs:
    - path: data/parsed
      hash: md5
      md5: 7c5f54d10c661ff023e0f38669cd7e48.dir
      size: 23057792
      nfiles: 171
  tables:
    cmd: python src/tables.py --input data/rendered tests/fixtures --out 
      data/tables
    deps:
    - path: data/managed
      hash: md5
      md5: 2eef483aaef070e7bd7efedd94fd8567.dir
      size: 1082231
      nfiles: 5
    - path: data/rendered
      hash: md5
      md5: bb9b28e2cd7aefbd53fa842ebcf3783e.dir
      size: 2048708
      nfiles: 3
    - path: src/common.py
      hash: md5
      md5: 4c05e83d0bd6bf8214f997ecd3b4d3ff
      size: 7933
    - path: src/managed
      hash: md5
      md5: b5645f174d25b3c4c886d33667e850f9.dir
      size: 19146
      nfiles: 5
    - path: src/tables.py
      hash: md5
      md5: 1453baf9e41b19e60a00d5de92dd1e1c
      size: 18492
    - path: tests/fixtures
      hash: md5
      md5: c44d4f71050874d81f252bad21f0975b.dir
      size: 1172805
      nfiles: 8
    params:
      params.yaml:
        managed:
          enabled: false
          provider: textract
          region: us-east-1
          max_pages: 10
        tables:
          min_rulings: 6
          accept_score: 80
          min_coverage: 0.6
          min_numbers: 40
          fallback_flavors:
          - network
          stream:
            row_tol: 2
            edge_tol: 500
          managed_below_score: 60
    outs:
    - path: data/tables
      hash: md5
      md5: 4bc6ed3fe9ce5ab0bd8a4a2a0100fbd1.dir
      size: 675421
      nfiles: 310
  layout:
    cmd: python src/layout.py --input data/rendered tests/fixtures --out 
      data/layout
    deps:
    - path: data/rendered
      hash: md5
      md5: bb9b28e2cd7aefbd53fa842ebcf3783e.dir
      size: 2048708
      nfiles: 3
    - path: src/common.py
      hash: md5
      md5: 4c05e83d0bd6bf8214f997ecd3b4d3ff
      size: 7933
    - path: src/layout.py
      hash: md5
      md5: f9ddc1267313d8ffce2d4d9c4af6dd26
      size: 14612
    - path: src/parse_text.py
      hash: md5
      md5: b8de1e5c0e1b8045d19043d842665c89
      size: 8256
    - path: src/tables.py
      hash: md5
      md5: 1453baf9e41b19e60a00d5de92dd1e1c
      size: 18492
    - path: tests/fixtures
      hash: md5
      md5: c44d4f71050874d81f252bad21f0975b.dir
      size: 1172805
      nfiles: 8
    params:
      params.yaml:
        layout:
          model: lp://efficientdet/PubLayNet
          weights: data/models/publaynet-tf_efficientdet_d0.pth.tar
          weights_url: 
            https://huggingface.co/ClosedUni/publaynet-tf_efficientdet/resolve/main/publaynet-tf_efficientdet_d0.pth.tar
          weights_sha256: 
            532824ec221bdb7e10e8d497ffc407959ed76fc175c15ffa1d4d397fbff5297e
          score_threshold: 0.3
          pad_pt: 8
          dpi: 150
          qa_pages: 10
        ocr:
          min_chars: 100
          junk_ratio: 0.2
          image_area: 0.6
          dpi: 200
          config: --oem 1 --psm 6
          managed_below_conf: 70
        tables:
          min_rulings: 6
          accept_score: 80
          min_coverage: 0.6
          min_numbers: 40
          fallback_flavors:
          - network
          stream:
            row_tol: 2
            edge_tol: 500
          managed_below_score: 60
    outs:
    - path: data/figures
      hash: md5
      md5: d751713988987e9331980363e24189ce.dir
      size: 0
      nfiles: 0
    - path: data/layout
      hash: md5
      md5: 63f7d21939934b33c8798f3d7d301bb0.dir
      size: 938756
      nfiles: 5
    - path: data/models
      hash: md5
      md5: 8e841a5b489a1942946de90ae8df9b18.dir
      size: 47104635
      nfiles: 1
  parse_docling:
    cmd: python src/parse_docling.py
    deps:
    - path: data/raw
      hash: md5
      md5: 827f551f11a662af18548e77ab9c314f.dir
      size: 48881114
      nfiles: 214
    - path: data/rendered
      hash: md5
      md5: bb9b28e2cd7aefbd53fa842ebcf3783e.dir
      size: 2048708
      nfiles: 3
    - path: src/common.py
      hash: md5
      md5: 4c05e83d0bd6bf8214f997ecd3b4d3ff
      size: 7933
    - path: src/parse_docling.py
      hash: md5
      md5: 36ddf5a229fbdab132fee60fbafd121d
      size: 8114
    - path: src/tables.py
      hash: md5
      md5: 1453baf9e41b19e60a00d5de92dd1e1c
      size: 18492
    - path: tests/fixtures
      hash: md5
      md5: c44d4f71050874d81f252bad21f0975b.dir
      size: 1172805
      nfiles: 8
    params:
      params.yaml:
        docling:
          html_stem: AKAM_10K_20241231
          table_mode: accurate
          scanned_backend: pypdfium2
    outs:
    - path: data/docling
      hash: md5
      md5: 5ce6b953ab4c6e885944edb32e3d82c7.dir
      size: 15430630
      nfiles: 650
  export:
    cmd: python src/export.py
    deps:
    - path: data/layout
      hash: md5
      md5: 63f7d21939934b33c8798f3d7d301bb0.dir
      size: 938756
      nfiles: 5
    - path: data/raw
      hash: md5
      md5: 827f551f11a662af18548e77ab9c314f.dir
      size: 48881114
      nfiles: 214
    - path: data/rendered
      hash: md5
      md5: bb9b28e2cd7aefbd53fa842ebcf3783e.dir
      size: 2048708
      nfiles: 3
    - path: src/common.py
      hash: md5
      md5: 4c05e83d0bd6bf8214f997ecd3b4d3ff
      size: 7933
    - path: src/export.py
      hash: md5
      md5: 8bd519a22215bc24fe6895562c2ab21f
      size: 6875
    - path: src/schema.py
      hash: md5
      md5: f640b51147d9efdc94c0b9698e8a7c6f
      size: 2295
    outs:
    - path: data/export
      hash: md5
      md5: 20488e62bc2c02c164f7eee85bed3817.dir
      size: 2105670
      nfiles: 7
  xbrl:
    cmd: python src/xbrl.py
    deps:
    - path: config/label_map.yaml
      hash: md5
      md5: 54a429cd75bd446056cb3db7d98cb5d8
      size: 4243
    - path: data/docling
      hash: md5
      md5: 5ce6b953ab4c6e885944edb32e3d82c7.dir
      size: 15430630
      nfiles: 650
    - path: data/raw
      hash: md5
      md5: 827f551f11a662af18548e77ab9c314f.dir
      size: 48881114
      nfiles: 214
    - path: data/rendered
      hash: md5
      md5: bb9b28e2cd7aefbd53fa842ebcf3783e.dir
      size: 2048708
      nfiles: 3
    - path: data/tables
      hash: md5
      md5: 4bc6ed3fe9ce5ab0bd8a4a2a0100fbd1.dir
      size: 675421
      nfiles: 310
    - path: src/tables.py
      hash: md5
      md5: 1453baf9e41b19e60a00d5de92dd1e1c
      size: 18492
    - path: src/xbrl.py
      hash: md5
      md5: 54d1f7603ed4ca0dc4e0a3bc9bc1173f
      size: 14838
    outs:
    - path: data/xbrl
      hash: md5
      md5: 0ad95482750d5309782ffd40f2fd7220.dir
      size: 530385
      nfiles: 2
  evaluate:
    cmd: python src/evaluate.py
    deps:
    - path: data/docling
      hash: md5
      md5: 5ce6b953ab4c6e885944edb32e3d82c7.dir
      size: 15430630
      nfiles: 650
    - path: data/export
      hash: md5
      md5: 20488e62bc2c02c164f7eee85bed3817.dir
      size: 2105670
      nfiles: 7
    - path: data/ground_truth
      hash: md5
      md5: 6ffbaaad7b4ac6e1afabed19a80b2560.dir
      size: 0
      nfiles: 1
    - path: data/parsed
      hash: md5
      md5: 7c5f54d10c661ff023e0f38669cd7e48.dir
      size: 23057792
      nfiles: 171
    - path: data/tables
      hash: md5
      md5: 4bc6ed3fe9ce5ab0bd8a4a2a0100fbd1.dir
      size: 675421
      nfiles: 310
    - path: data/xbrl
      hash: md5
      md5: 0ad95482750d5309782ffd40f2fd7220.dir
      size: 530385
      nfiles: 2
    - path: src/evaluate.py
      hash: md5
      md5: b2b74df65496b69fe8e83f6732035246
      size: 14630
    - path: src/tables.py
      hash: md5
      md5: 1453baf9e41b19e60a00d5de92dd1e1c
      size: 18492
    - path: tests/fixtures/gt
      hash: md5
      md5: d8b785ab80213a500aec250274053538.dir
      size: 2740
      nfiles: 2
    params:
      params.yaml:
        evaluate:
          numeric_tolerance: 1e-06
    outs:
    - path: reports/metrics.json
      hash: md5
      md5: ce099760b0647144bb3ea2379a1e5d61
      size: 646
    - path: reports/plots/drift.png
      hash: md5
      md5: f117129b4c39f8ae255d611c18270f44
      size: 24820
